
Microsoft Visual Studio Solution File, Format Version 12.00
# Visual Studio Version 17
VisualStudioVersion = 17.8.34330.188
MinimumVisualStudioVersion = 10.0.40219.1
Project("{FAE04EC0-301F-11D3-BF4B-00C04F79EFBC}") = "Fiap.Api.TechChallengeFaseII", "Fiap.Api.TechChallengeFaseII\Fiap.Api.TechChallengeFaseII.csproj", "{2B87E55A-43AD-4250-A5F0-422070E4B3DA}"
EndProject
Global
	GlobalSection(SolutionConfigurationPlatforms) = preSolution
		Debug|Any CPU = Debug|Any CPU
		Release|Any CPU = Release|Any CPU
	EndGlobalSection
	GlobalSection(ProjectConfigurationPlatforms) = postSolution
		{2B87E55A-43AD-4250-A5F0-422070E4B3DA}.Debug|Any CPU.ActiveCfg = Debug|Any CPU
		{2B87E55A-43AD-4250-A5F0-422070E4B3DA}.Debug|Any CPU.Build.0 = Debug|Any CPU
		{2B87E55A-43AD-4250-A5F0-422070E4B3DA}.Release|Any CPU.ActiveCfg = Release|Any CPU
		{2B87E55A-43AD-4250-A5F0-422070E4B3DA}.Release|Any CPU.Build.0 = Release|Any CPU
	EndGlobalSection
	GlobalSection(SolutionProperties) = preSolution
		HideSolutionNode = FALSE
	EndGlobalSection
	GlobalSection(ExtensibilityGlobals) = postSolution
		SolutionGuid = {536E7A2A-5E1C-49E6-B8E9-3435C227DB6A}
	EndGlobalSection
EndGlobal
